{
    "name": "open-in-browser",
    "version": "3.0.0",
    "lockfileVersion": 3,
    "requires": true,
    "packages": {
        "": {
            "name": "open-in-browser",
            "version": "3.0.0",
            "license": "MIT",
            "dependencies": {
                "opn": "^5.3.0"
            },
            "devDependencies": {
                "@types/node": "14.18.63",
                "@types/vscode": "1.57.0",
                "tslint": "^5.8.0",
                "typescript": "4.3.5"
            },
            "engines": {
                "vscode": "^1.57.0"
            }
        },
        "node_modules/@types/node": {
            "version": "14.18.63",
            "resolved": "https://registry.npmmirror.com/@types/node/-/node-14.18.63.tgz",
            "integrity": "sha512-fAtCfv4jJg+ExtXhvCkCqUKZ+4ok/JQk01qDKhL5BDDoS3AxKXhV5/MAVUZyQnSEd2GT92fkgZl0pz0Q0AzcIQ==",
            "dev": true,
            "license": "MIT"
        },
        "node_modules/@types/vscode": {
            "version": "1.57.0",
            "resolved": "https://registry.npmmirror.com/@types/vscode/-/vscode-1.57.0.tgz",
            "integrity": "sha512-FeznBFtIDCWRluojTsi9c3LLcCHOXP5etQfBK42+ixo1CoEAchkw39tuui9zomjZuKfUVL33KZUDIwHZ/xvOkQ==",
            "dev": true,
            "license": "MIT"
        },
        "node_modules/ansi-regex": {
            "version": "2.1.1",
            "resolved": "http://registry.npm.taobao.org/ansi-regex/download/ansi-regex-2.1.1.tgz",
            "integrity": "sha1-w7M6te42DYbg5ijwRorn7yfWVN8=",
            "dev": true,
            "engines": {
                "node": ">=0.10.0"
            }
        },
        "node_modules/ansi-styles": {
            "version": "2.2.1",
            "resolved": "http://registry.npm.taobao.org/ansi-styles/download/ansi-styles-2.2.1.tgz",
            "integrity": "sha1-tDLdM1i2NM914eRmQ2gkBTPB3b4=",
            "dev": true,
            "engines": {
                "node": ">=0.10.0"
            }
        },
        "node_modules/argparse": {
            "version": "1.0.10",
            "resolved": "http://registry.npm.taobao.org/argparse/download/argparse-1.0.10.tgz",
            "integrity": "sha1-vNZ5HqWuCXJeF+WtmIE0zUCz2RE=",
            "dev": true,
            "dependencies": {
                "sprintf-js": "~1.0.2"
            }
        },
        "node_modules/babel-code-frame": {
            "version": "6.26.0",
            "resolved": "http://registry.npm.taobao.org/babel-code-frame/download/babel-code-frame-6.26.0.tgz",
            "integrity": "sha1-Y/1D99weO7fONZR9uP42mj9Yx0s=",
            "dev": true,
            "dependencies": {
                "chalk": "^1.1.3",
                "esutils": "^2.0.2",
                "js-tokens": "^3.0.2"
            }
        },
        "node_modules/babel-code-frame/node_modules/chalk": {
            "version": "1.1.3",
            "resolved": "http://registry.npm.taobao.org/chalk/download/chalk-1.1.3.tgz",
            "integrity": "sha1-qBFcVeSnAv5NFQq9OHKCKn4J/Jg=",
            "dev": true,
            "dependencies": {
                "ansi-styles": "^2.2.1",
                "escape-string-regexp": "^1.0.2",
                "has-ansi": "^2.0.0",
                "strip-ansi": "^3.0.0",
                "supports-color": "^2.0.0"
            },
            "engines": {
                "node": ">=0.10.0"
            }
        },
        "node_modules/balanced-match": {
            "version": "1.0.0",
            "resolved": "http://registry.npm.taobao.org/balanced-match/download/balanced-match-1.0.0.tgz",
            "integrity": "sha1-ibTRmasr7kneFk6gK4nORi1xt2c=",
            "dev": true
        },
        "node_modules/brace-expansion": {
            "version": "1.1.11",
            "resolved": "http://registry.npm.taobao.org/brace-expansion/download/brace-expansion-1.1.11.tgz",
            "integrity": "sha1-PH/L9SnYcibz0vUrlm/1Jx60Qd0=",
            "dev": true,
            "dependencies": {
                "balanced-match": "^1.0.0",
                "concat-map": "0.0.1"
            }
        },
        "node_modules/builtin-modules": {
            "version": "1.1.1",
            "resolved": "http://registry.npm.taobao.org/builtin-modules/download/builtin-modules-1.1.1.tgz",
            "integrity": "sha1-Jw8HbFpywC9bZaR9+Uxf46J4iS8=",
            "dev": true,
            "engines": {
                "node": ">=0.10.0"
            }
        },
        "node_modules/chalk": {
            "version": "2.4.1",
            "resolved": "http://registry.npm.taobao.org/chalk/download/chalk-2.4.1.tgz",
            "integrity": "sha1-GMSasWoDe26wFSzIPjRxM4IVtm4=",
            "dev": true,
            "dependencies": {
                "ansi-styles": "^3.2.1",
                "escape-string-regexp": "^1.0.5",
                "supports-color": "^5.3.0"
            },
            "engines": {
                "node": ">=4"
            }
        },
        "node_modules/chalk/node_modules/ansi-styles": {
            "version": "3.2.1",
            "resolved": "http://registry.npm.taobao.org/ansi-styles/download/ansi-styles-3.2.1.tgz",
            "integrity": "sha1-QfuyAkPlCxK+DwS43tvwdSDOhB0=",
            "dev": true,
            "dependencies": {
                "color-convert": "^1.9.0"
            },
            "engines": {
                "node": ">=4"
            }
        },
        "node_modules/chalk/node_modules/supports-color": {
            "version": "5.4.0",
            "resolved": "http://registry.npm.taobao.org/supports-color/download/supports-color-5.4.0.tgz",
            "integrity": "sha1-HGszdALCE3YF7+GfEP7DkPb6q1Q=",
            "dev": true,
            "dependencies": {
                "has-flag": "^3.0.0"
            },
            "engines": {
                "node": ">=4"
            }
        },
        "node_modules/color-convert": {
            "version": "1.9.2",
            "resolved": "http://registry.npm.taobao.org/color-convert/download/color-convert-1.9.2.tgz",
            "integrity": "sha1-SYgbj7pn3xKpa98/VsCqueeRMUc=",
            "dev": true,
            "dependencies": {
                "color-name": "1.1.1"
            }
        },
        "node_modules/color-name": {
            "version": "1.1.1",
            "resolved": "http://registry.npm.taobao.org/color-name/download/color-name-1.1.1.tgz",
            "integrity": "sha1-SxQVMEz1ACjqgWQ2Q72C6gWANok=",
            "dev": true
        },
        "node_modules/commander": {
            "version": "2.17.1",
            "resolved": "http://registry.npm.taobao.org/commander/download/commander-2.17.1.tgz",
            "integrity": "sha1-vXerfebelCBc6sxy8XFtKfIKd78=",
            "dev": true
        },
        "node_modules/concat-map": {
            "version": "0.0.1",
            "resolved": "http://registry.npm.taobao.org/concat-map/download/concat-map-0.0.1.tgz",
            "integrity": "sha1-2Klr13/Wjfd5OnMDajug1UBdR3s=",
            "dev": true
        },
        "node_modules/diff": {
            "version": "3.5.0",
            "resolved": "http://registry.npm.taobao.org/diff/download/diff-3.5.0.tgz",
            "integrity": "sha1-gAwN0eCov7yVg1wgKtIg/jF+WhI=",
            "dev": true,
            "engines": {
                "node": ">=0.3.1"
            }
        },
        "node_modules/escape-string-regexp": {
            "version": "1.0.5",
            "resolved": "http://registry.npm.taobao.org/escape-string-regexp/download/escape-string-regexp-1.0.5.tgz",
            "integrity": "sha1-G2HAViGQqN/2rjuyzwIAyhMLhtQ=",
            "dev": true,
            "engines": {
                "node": ">=0.8.0"
            }
        },
        "node_modules/esprima": {
            "version": "4.0.1",
            "resolved": "http://registry.npm.taobao.org/esprima/download/esprima-4.0.1.tgz",
            "integrity": "sha1-E7BM2z5sXRnfkatph6hpVhmwqnE=",
            "dev": true,
            "bin": {
                "esparse": "bin/esparse.js",
                "esvalidate": "bin/esvalidate.js"
            },
            "engines": {
                "node": ">=4"
            }
        },
        "node_modules/esutils": {
            "version": "2.0.2",
            "resolved": "http://registry.npm.taobao.org/esutils/download/esutils-2.0.2.tgz",
            "integrity": "sha1-Cr9PHKpbyx96nYrMbepPqqBLrJs=",
            "dev": true,
            "engines": {
                "node": ">=0.10.0"
            }
        },
        "node_modules/fs.realpath": {
            "version": "1.0.0",
            "resolved": "http://registry.npm.taobao.org/fs.realpath/download/fs.realpath-1.0.0.tgz",
            "integrity": "sha1-FQStJSMVjKpA20onh8sBQRmU6k8=",
            "dev": true
        },
        "node_modules/glob": {
            "version": "7.1.2",
            "resolved": "http://registry.npm.taobao.org/glob/download/glob-7.1.2.tgz",
            "integrity": "sha1-wZyd+aAocC1nhhI4SmVSQExjbRU=",
            "deprecated": "Glob versions prior to v9 are no longer supported",
            "dev": true,
            "dependencies": {
                "fs.realpath": "^1.0.0",
                "inflight": "^1.0.4",
                "inherits": "2",
                "minimatch": "^3.0.4",
                "once": "^1.3.0",
                "path-is-absolute": "^1.0.0"
            },
            "engines": {
                "node": "*"
            }
        },
        "node_modules/has-ansi": {
            "version": "2.0.0",
            "resolved": "http://registry.npm.taobao.org/has-ansi/download/has-ansi-2.0.0.tgz",
            "integrity": "sha1-NPUEnOHs3ysGSa8+8k5F7TVBbZE=",
            "dev": true,
            "dependencies": {
                "ansi-regex": "^2.0.0"
            },
            "engines": {
                "node": ">=0.10.0"
            }
        },
        "node_modules/has-flag": {
            "version": "3.0.0",
            "resolved": "http://registry.npm.taobao.org/has-flag/download/has-flag-3.0.0.tgz",
            "integrity": "sha1-tdRU3CGZriJWmfNGfloH87lVuv0=",
            "dev": true,
            "engines": {
                "node": ">=4"
            }
        },
        "node_modules/inflight": {
            "version": "1.0.6",
            "resolved": "http://registry.npm.taobao.org/inflight/download/inflight-1.0.6.tgz",
            "integrity": "sha1-Sb1jMdfQLQwJvJEKEHW6gWW1bfk=",
            "deprecated": "This module is not supported, and leaks memory. Do not use it. Check out lru-cache if you want a good and tested way to coalesce async requests by a key value, which is much more comprehensive and powerful.",
            "dev": true,
            "dependencies": {
                "once": "^1.3.0",
                "wrappy": "1"
            }
        },
        "node_modules/inherits": {
            "version": "2.0.3",
            "resolved": "http://registry.npm.taobao.org/inherits/download/inherits-2.0.3.tgz",
            "integrity": "sha1-Yzwsg+PaQqUC9SRmAiSA9CCCYd4=",
            "dev": true
        },
        "node_modules/is-wsl": {
            "version": "1.1.0",
            "resolved": "http://registry.npm.taobao.org/is-wsl/download/is-wsl-1.1.0.tgz",
            "integrity": "sha1-HxbkqiKwTRM2tmGIpmrzxgDDpm0=",
            "engines": {
                "node": ">=4"
            }
        },
        "node_modules/js-tokens": {
            "version": "3.0.2",
            "resolved": "http://registry.npm.taobao.org/js-tokens/download/js-tokens-3.0.2.tgz",
            "integrity": "sha1-mGbfOVECEw449/mWvOtlRDIJwls=",
            "dev": true
        },
        "node_modules/js-yaml": {
            "version": "3.12.0",
            "resolved": "http://registry.npm.taobao.org/js-yaml/download/js-yaml-3.12.0.tgz",
            "integrity": "sha1-6u1lbsg0TxD1J8a/obbiJE3hZ9E=",
            "dev": true,
            "dependencies": {
                "argparse": "^1.0.7",
                "esprima": "^4.0.0"
            },
            "bin": {
                "js-yaml": "bin/js-yaml.js"
            }
        },
        "node_modules/minimatch": {
            "version": "3.0.4",
            "resolved": "http://registry.npm.taobao.org/minimatch/download/minimatch-3.0.4.tgz",
            "integrity": "sha1-UWbihkV/AzBgZL5Ul+jbsMPTIIM=",
            "dev": true,
            "dependencies": {
                "brace-expansion": "^1.1.7"
            },
            "engines": {
                "node": "*"
            }
        },
        "node_modules/once": {
            "version": "1.4.0",
            "resolved": "http://registry.npm.taobao.org/once/download/once-1.4.0.tgz",
            "integrity": "sha1-WDsap3WWHUsROsF9nFC6753Xa9E=",
            "dev": true,
            "dependencies": {
                "wrappy": "1"
            }
        },
        "node_modules/opn": {
            "version": "5.3.0",
            "resolved": "http://registry.npm.taobao.org/opn/download/opn-5.3.0.tgz",
            "integrity": "sha1-ZIcVZchjh18FLP31PT48ta21Oxw=",
            "dependencies": {
                "is-wsl": "^1.1.0"
            },
            "engines": {
                "node": ">=4"
            }
        },
        "node_modules/path-is-absolute": {
            "version": "1.0.1",
            "resolved": "http://registry.npm.taobao.org/path-is-absolute/download/path-is-absolute-1.0.1.tgz",
            "integrity": "sha1-F0uSaHNVNP+8es5r9TpanhtcX18=",
            "dev": true,
            "engines": {
                "node": ">=0.10.0"
            }
        },
        "node_modules/path-parse": {
            "version": "1.0.6",
            "resolved": "http://registry.npm.taobao.org/path-parse/download/path-parse-1.0.6.tgz",
            "integrity": "sha1-1i27VnlAXXLEc37FhgDp3c8G0kw=",
            "dev": true
        },
        "node_modules/resolve": {
            "version": "1.8.1",
            "resolved": "http://registry.npm.taobao.org/resolve/download/resolve-1.8.1.tgz",
            "integrity": "sha1-gvHsGaQjrB+9CAsLqwa6NuhKeiY=",
            "dev": true,
            "dependencies": {
                "path-parse": "^1.0.5"
            }
        },
        "node_modules/semver": {
            "version": "5.5.0",
            "resolved": "http://registry.npm.taobao.org/semver/download/semver-5.5.0.tgz",
            "integrity": "sha1-3Eu8emyp2Rbe5dQ1FvAJK1j3uKs=",
            "dev": true,
            "bin": {
                "semver": "bin/semver"
            }
        },
        "node_modules/sprintf-js": {
            "version": "1.0.3",
            "resolved": "http://registry.npm.taobao.org/sprintf-js/download/sprintf-js-1.0.3.tgz",
            "integrity": "sha1-BOaSb2YolTVPPdAVIDYzuFcpfiw=",
            "dev": true
        },
        "node_modules/strip-ansi": {
            "version": "3.0.1",
            "resolved": "http://registry.npm.taobao.org/strip-ansi/download/strip-ansi-3.0.1.tgz",
            "integrity": "sha1-ajhfuIU9lS1f8F0Oiq+UJ43GPc8=",
            "dev": true,
            "dependencies": {
                "ansi-regex": "^2.0.0"
            },
            "engines": {
                "node": ">=0.10.0"
            }
        },
        "node_modules/supports-color": {
            "version": "2.0.0",
            "resolved": "http://registry.npm.taobao.org/supports-color/download/supports-color-2.0.0.tgz",
            "integrity": "sha1-U10EXOa2Nj+kARcIRimZXp3zJMc=",
            "dev": true,
            "engines": {
                "node": ">=0.8.0"
            }
        },
        "node_modules/tslib": {
            "version": "1.9.3",
            "resolved": "http://registry.npm.taobao.org/tslib/download/tslib-1.9.3.tgz",
            "integrity": "sha1-1+TdeSRdhUKMTX5IIqeZF5VMooY=",
            "dev": true
        },
        "node_modules/tslint": {
            "version": "5.11.0",
            "resolved": "http://registry.npm.taobao.org/tslint/download/tslint-5.11.0.tgz",
            "integrity": "sha1-mPMMAurjzecAYgHkwzywi0hYHu0=",
            "dev": true,
            "dependencies": {
                "babel-code-frame": "^6.22.0",
                "builtin-modules": "^1.1.1",
                "chalk": "^2.3.0",
                "commander": "^2.12.1",
                "diff": "^3.2.0",
                "glob": "^7.1.1",
                "js-yaml": "^3.7.0",
                "minimatch": "^3.0.4",
                "resolve": "^1.3.2",
                "semver": "^5.3.0",
                "tslib": "^1.8.0",
                "tsutils": "^2.27.2"
            },
            "bin": {
                "tslint": "bin/tslint"
            },
            "engines": {
                "node": ">=4.8.0"
            },
            "peerDependencies": {
                "typescript": ">=2.1.0 || >=2.1.0-dev || >=2.2.0-dev || >=2.3.0-dev || >=2.4.0-dev || >=2.5.0-dev || >=2.6.0-dev || >=2.7.0-dev || >=2.8.0-dev || >=2.9.0-dev"
            }
        },
        "node_modules/tsutils": {
            "version": "2.29.0",
            "resolved": "http://registry.npm.taobao.org/tsutils/download/tsutils-2.29.0.tgz",
            "integrity": "sha1-MrSIUBRnrL7dS4VJhnOggSrKC5k=",
            "dev": true,
            "dependencies": {
                "tslib": "^1.8.1"
            },
            "peerDependencies": {
                "typescript": ">=2.1.0 || >=2.1.0-dev || >=2.2.0-dev || >=2.3.0-dev || >=2.4.0-dev || >=2.5.0-dev || >=2.6.0-dev || >=2.7.0-dev || >=2.8.0-dev || >=2.9.0-dev || >= 3.0.0-dev || >= 3.1.0-dev"
            }
        },
        "node_modules/typescript": {
            "version": "4.3.5",
            "resolved": "https://registry.npmmirror.com/typescript/-/typescript-4.3.5.tgz",
            "integrity": "sha512-DqQgihaQ9cUrskJo9kIyW/+g0Vxsk8cDtZ52a3NGh0YNTfpUSArXSohyUGnvbPazEPLu398C0UxmKSOrPumUzA==",
            "dev": true,
            "license": "Apache-2.0",
            "bin": {
                "tsc": "bin/tsc",
                "tsserver": "bin/tsserver"
            },
            "engines": {
                "node": ">=4.2.0"
            }
        },
        "node_modules/wrappy": {
            "version": "1.0.2",
            "resolved": "http://registry.npm.taobao.org/wrappy/download/wrappy-1.0.2.tgz",
            "integrity": "sha1-tSQ9jz7BqjXxNkYFvA0QNuMKtp8=",
            "dev": true
        }
    }
}
